{
  "version": 4,
  "terraform_version": "1.10.5",
  "serial": 72,
  "lineage": "4fa27933-d1cc-6179-0371-30446df6b229",
  "outputs": {
    "public_ip": {
      "value": "20.185.186.242",
      "type": "string"
    }
  },
  "resources": [
    {
      "mode": "managed",
      "type": "azurerm_network_interface",
      "name": "osv_data_nic",
      "provider": "provider[\"registry.terraform.io/hashicorp/azurerm\"]",
      "instances": [
        {
          "schema_version": 0,
          "attributes": {
            "accelerated_networking_enabled": false,
            "applied_dns_servers": [],
            "auxiliary_mode": "",
            "auxiliary_sku": "",
            "dns_servers": [],
            "edge_zone": "",
            "id": "/subscriptions/0a6bda76-1a64-4810-b204-6a0ab0df0d44/resourceGroups/osv_data-resources/providers/Microsoft.Network/networkInterfaces/osv_data-nic",
            "internal_dns_name_label": "",
            "internal_domain_name_suffix": "qxack4y3dqwedekisqjneyxmda.bx.internal.cloudapp.net",
            "ip_configuration": [
              {
                "gateway_load_balancer_frontend_ip_configuration_id": "",
                "name": "internal",
                "primary": true,
                "private_ip_address": "10.0.2.4",
                "private_ip_address_allocation": "Dynamic",
                "private_ip_address_version": "IPv4",
                "public_ip_address_id": "/subscriptions/0a6bda76-1a64-4810-b204-6a0ab0df0d44/resourceGroups/osv_data-resources/providers/Microsoft.Network/publicIPAddresses/osv_data-public-ip",
                "subnet_id": "/subscriptions/0a6bda76-1a64-4810-b204-6a0ab0df0d44/resourceGroups/osv_data-resources/providers/Microsoft.Network/virtualNetworks/osv_data-network/subnets/osv_data-subnet"
              }
            ],
            "ip_forwarding_enabled": false,
            "location": "eastus",
            "mac_address": "00-22-48-30-A8-F9",
            "name": "osv_data-nic",
            "private_ip_address": "10.0.2.4",
            "private_ip_addresses": [
              "10.0.2.4"
            ],
            "resource_group_name": "osv_data-resources",
            "tags": {},
            "timeouts": null,
            "virtual_machine_id": "/subscriptions/0a6bda76-1a64-4810-b204-6a0ab0df0d44/resourceGroups/osv_data-resources/providers/Microsoft.Compute/virtualMachines/osvdatamachine"
          },
          "sensitive_attributes": [],
          "private": "eyJlMmJmYjczMC1lY2FhLTExZTYtOGY4OC0zNDM2M2JjN2M0YzAiOnsiY3JlYXRlIjoxODAwMDAwMDAwMDAwLCJkZWxldGUiOjE4MDAwMDAwMDAwMDAsInJlYWQiOjMwMDAwMDAwMDAwMCwidXBkYXRlIjoxODAwMDAwMDAwMDAwfSwic2NoZW1hX3ZlcnNpb24iOiIwIn0=",
          "dependencies": [
            "azurerm_public_ip.osv_data_public_ip",
            "azurerm_resource_group.osv_data_rg",
            "azurerm_subnet.osv_data_subnet",
            "azurerm_virtual_network.osv_data_vnet"
          ]
        }
      ]
    },
    {
      "mode": "managed",
      "type": "azurerm_network_interface_security_group_association",
      "name": "osv_data_nic_nsg",
      "provider": "provider[\"registry.terraform.io/hashicorp/azurerm\"]",
      "instances": [
        {
          "schema_version": 0,
          "attributes": {
            "id": "/subscriptions/0a6bda76-1a64-4810-b204-6a0ab0df0d44/resourceGroups/osv_data-resources/providers/Microsoft.Network/networkInterfaces/osv_data-nic|/subscriptions/0a6bda76-1a64-4810-b204-6a0ab0df0d44/resourceGroups/osv_data-resources/providers/Microsoft.Network/networkSecurityGroups/osv_data_nsg",
            "network_interface_id": "/subscriptions/0a6bda76-1a64-4810-b204-6a0ab0df0d44/resourceGroups/osv_data-resources/providers/Microsoft.Network/networkInterfaces/osv_data-nic",
            "network_security_group_id": "/subscriptions/0a6bda76-1a64-4810-b204-6a0ab0df0d44/resourceGroups/osv_data-resources/providers/Microsoft.Network/networkSecurityGroups/osv_data_nsg",
            "timeouts": null
          },
          "sensitive_attributes": [],
          "private": "eyJlMmJmYjczMC1lY2FhLTExZTYtOGY4OC0zNDM2M2JjN2M0YzAiOnsiY3JlYXRlIjoxODAwMDAwMDAwMDAwLCJkZWxldGUiOjE4MDAwMDAwMDAwMDAsInJlYWQiOjMwMDAwMDAwMDAwMH0sInNjaGVtYV92ZXJzaW9uIjoiMCJ9",
          "dependencies": [
            "azurerm_network_interface.osv_data_nic",
            "azurerm_network_security_group.osv_data_nsg",
            "azurerm_public_ip.osv_data_public_ip",
            "azurerm_resource_group.osv_data_rg",
            "azurerm_subnet.osv_data_subnet",
            "azurerm_virtual_network.osv_data_vnet"
          ]
        }
      ]
    },
    {
      "mode": "managed",
      "type": "azurerm_network_security_group",
      "name": "osv_data_nsg",
      "provider": "provider[\"registry.terraform.io/hashicorp/azurerm\"]",
      "instances": [
        {
          "schema_version": 0,
          "attributes": {
            "id": "/subscriptions/0a6bda76-1a64-4810-b204-6a0ab0df0d44/resourceGroups/osv_data-resources/providers/Microsoft.Network/networkSecurityGroups/osv_data_nsg",
            "location": "eastus",
            "name": "osv_data_nsg",
            "resource_group_name": "osv_data-resources",
            "security_rule": [
              {
                "access": "Allow",
                "description": "",
                "destination_address_prefix": "*",
                "destination_address_prefixes": [],
                "destination_application_security_group_ids": [],
                "destination_port_range": "22",
                "destination_port_ranges": [],
                "direction": "Inbound",
                "name": "SSH",
                "priority": 1001,
                "protocol": "Tcp",
                "source_address_prefix": "*",
                "source_address_prefixes": [],
                "source_application_security_group_ids": [],
                "source_port_range": "*",
                "source_port_ranges": []
              }
            ],
            "tags": {},
            "timeouts": null
          },
          "sensitive_attributes": [],
          "private": "eyJlMmJmYjczMC1lY2FhLTExZTYtOGY4OC0zNDM2M2JjN2M0YzAiOnsiY3JlYXRlIjoxODAwMDAwMDAwMDAwLCJkZWxldGUiOjE4MDAwMDAwMDAwMDAsInJlYWQiOjMwMDAwMDAwMDAwMCwidXBkYXRlIjoxODAwMDAwMDAwMDAwfSwic2NoZW1hX3ZlcnNpb24iOiIwIn0=",
          "dependencies": [
            "azurerm_resource_group.osv_data_rg"
          ]
        }
      ]
    },
    {
      "mode": "managed",
      "type": "azurerm_public_ip",
      "name": "osv_data_public_ip",
      "provider": "provider[\"registry.terraform.io/hashicorp/azurerm\"]",
      "instances": [
        {
          "schema_version": 0,
          "attributes": {
            "allocation_method": "Static",
            "ddos_protection_mode": "VirtualNetworkInherited",
            "ddos_protection_plan_id": null,
            "domain_name_label": null,
            "domain_name_label_scope": null,
            "edge_zone": "",
            "fqdn": null,
            "id": "/subscriptions/0a6bda76-1a64-4810-b204-6a0ab0df0d44/resourceGroups/osv_data-resources/providers/Microsoft.Network/publicIPAddresses/osv_data-public-ip",
            "idle_timeout_in_minutes": 4,
            "ip_address": "20.185.186.242",
            "ip_tags": {},
            "ip_version": "IPv4",
            "location": "eastus",
            "name": "osv_data-public-ip",
            "public_ip_prefix_id": null,
            "resource_group_name": "osv_data-resources",
            "reverse_fqdn": null,
            "sku": "Standard",
            "sku_tier": "Regional",
            "tags": {},
            "timeouts": null,
            "zones": []
          },
          "sensitive_attributes": [],
          "private": "eyJlMmJmYjczMC1lY2FhLTExZTYtOGY4OC0zNDM2M2JjN2M0YzAiOnsiY3JlYXRlIjoxODAwMDAwMDAwMDAwLCJkZWxldGUiOjE4MDAwMDAwMDAwMDAsInJlYWQiOjMwMDAwMDAwMDAwMCwidXBkYXRlIjoxODAwMDAwMDAwMDAwfSwic2NoZW1hX3ZlcnNpb24iOiIwIn0=",
          "dependencies": [
            "azurerm_resource_group.osv_data_rg"
          ]
        }
      ]
    },
    {
      "mode": "managed",
      "type": "azurerm_resource_group",
      "name": "osv_data_rg",
      "provider": "provider[\"registry.terraform.io/hashicorp/azurerm\"]",
      "instances": [
        {
          "schema_version": 0,
          "attributes": {
            "id": "/subscriptions/0a6bda76-1a64-4810-b204-6a0ab0df0d44/resourceGroups/osv_data-resources",
            "location": "eastus",
            "managed_by": "",
            "name": "osv_data-resources",
            "tags": {},
            "timeouts": null
          },
          "sensitive_attributes": [],
          "private": "eyJlMmJmYjczMC1lY2FhLTExZTYtOGY4OC0zNDM2M2JjN2M0YzAiOnsiY3JlYXRlIjo1NDAwMDAwMDAwMDAwLCJkZWxldGUiOjU0MDAwMDAwMDAwMDAsInJlYWQiOjMwMDAwMDAwMDAwMCwidXBkYXRlIjo1NDAwMDAwMDAwMDAwfSwic2NoZW1hX3ZlcnNpb24iOiIwIn0="
        }
      ]
    },
    {
      "mode": "managed",
      "type": "azurerm_subnet",
      "name": "osv_data_subnet",
      "provider": "provider[\"registry.terraform.io/hashicorp/azurerm\"]",
      "instances": [
        {
          "schema_version": 0,
          "attributes": {
            "address_prefixes": [
              "10.0.2.0/24"
            ],
            "default_outbound_access_enabled": true,
            "delegation": [],
            "id": "/subscriptions/0a6bda76-1a64-4810-b204-6a0ab0df0d44/resourceGroups/osv_data-resources/providers/Microsoft.Network/virtualNetworks/osv_data-network/subnets/osv_data-subnet",
            "name": "osv_data-subnet",
            "private_endpoint_network_policies": "Disabled",
            "private_link_service_network_policies_enabled": true,
            "resource_group_name": "osv_data-resources",
            "service_endpoint_policy_ids": [],
            "service_endpoints": [],
            "timeouts": null,
            "virtual_network_name": "osv_data-network"
          },
          "sensitive_attributes": [],
          "private": "eyJlMmJmYjczMC1lY2FhLTExZTYtOGY4OC0zNDM2M2JjN2M0YzAiOnsiY3JlYXRlIjoxODAwMDAwMDAwMDAwLCJkZWxldGUiOjE4MDAwMDAwMDAwMDAsInJlYWQiOjMwMDAwMDAwMDAwMCwidXBkYXRlIjoxODAwMDAwMDAwMDAwfSwic2NoZW1hX3ZlcnNpb24iOiIwIn0=",
          "dependencies": [
            "azurerm_resource_group.osv_data_rg",
            "azurerm_virtual_network.osv_data_vnet"
          ]
        }
      ]
    },
    {
      "mode": "managed",
      "type": "azurerm_virtual_machine",
      "name": "osv_data_vm",
      "provider": "provider[\"registry.terraform.io/hashicorp/azurerm\"]",
      "instances": [
        {
          "schema_version": 0,
          "attributes": {
            "additional_capabilities": [],
            "availability_set_id": null,
            "boot_diagnostics": [],
            "delete_data_disks_on_termination": null,
            "delete_os_disk_on_termination": null,
            "id": "/subscriptions/0a6bda76-1a64-4810-b204-6a0ab0df0d44/resourceGroups/osv_data-resources/providers/Microsoft.Compute/virtualMachines/osvdatamachine",
            "identity": [],
            "license_type": null,
            "location": "eastus",
            "name": "osvdatamachine",
            "network_interface_ids": [
              "/subscriptions/0a6bda76-1a64-4810-b204-6a0ab0df0d44/resourceGroups/osv_data-resources/providers/Microsoft.Network/networkInterfaces/osv_data-nic"
            ],
            "os_profile": [
              {
                "admin_password": "",
                "admin_username": "adminuser",
                "computer_name": "osvdatamachine",
                "custom_data": ""
              }
            ],
            "os_profile_linux_config": [
              {
                "disable_password_authentication": false,
                "ssh_keys": []
              }
            ],
            "os_profile_secrets": [],
            "os_profile_windows_config": [],
            "plan": [],
            "primary_network_interface_id": null,
            "proximity_placement_group_id": null,
            "resource_group_name": "osv_data-resources",
            "storage_data_disk": [],
            "storage_image_reference": [
              {
                "id": "",
                "offer": "UbuntuServer",
                "publisher": "Canonical",
                "sku": "18.04-LTS",
                "version": "latest"
              }
            ],
            "storage_os_disk": [
              {
                "caching": "ReadWrite",
                "create_option": "FromImage",
                "disk_size_gb": 30,
                "image_uri": "",
                "managed_disk_id": "/subscriptions/0a6bda76-1a64-4810-b204-6a0ab0df0d44/resourceGroups/osv_data-resources/providers/Microsoft.Compute/disks/osvdataosdisk",
                "managed_disk_type": "Standard_LRS",
                "name": "osvdataosdisk",
                "os_type": "Linux",
                "vhd_uri": "",
                "write_accelerator_enabled": false
              }
            ],
            "tags": {},
            "timeouts": null,
            "vm_size": "Standard_DS1_v2",
            "zones": []
          },
          "sensitive_attributes": [
            [
              {
                "type": "get_attr",
                "value": "os_profile"
              }
            ]
          ],
          "private": "eyJlMmJmYjczMC1lY2FhLTExZTYtOGY4OC0zNDM2M2JjN2M0YzAiOnsiY3JlYXRlIjozNjAwMDAwMDAwMDAwLCJkZWxldGUiOjM2MDAwMDAwMDAwMDAsInJlYWQiOjMwMDAwMDAwMDAwMCwidXBkYXRlIjozNjAwMDAwMDAwMDAwfSwic2NoZW1hX3ZlcnNpb24iOiIwIn0=",
          "dependencies": [
            "azurerm_network_interface.osv_data_nic",
            "azurerm_public_ip.osv_data_public_ip",
            "azurerm_resource_group.osv_data_rg",
            "azurerm_subnet.osv_data_subnet",
            "azurerm_virtual_network.osv_data_vnet"
          ]
        }
      ]
    },
    {
      "mode": "managed",
      "type": "azurerm_virtual_network",
      "name": "osv_data_vnet",
      "provider": "provider[\"registry.terraform.io/hashicorp/azurerm\"]",
      "instances": [
        {
          "schema_version": 0,
          "attributes": {
            "address_space": [
              "10.0.0.0/16"
            ],
            "bgp_community": "",
            "ddos_protection_plan": [],
            "dns_servers": [],
            "edge_zone": "",
            "encryption": [],
            "flow_timeout_in_minutes": 0,
            "guid": "7b25c085-1c1d-412c-9148-9412d262ec18",
            "id": "/subscriptions/0a6bda76-1a64-4810-b204-6a0ab0df0d44/resourceGroups/osv_data-resources/providers/Microsoft.Network/virtualNetworks/osv_data-network",
            "location": "eastus",
            "name": "osv_data-network",
            "private_endpoint_vnet_policies": "Disabled",
            "resource_group_name": "osv_data-resources",
            "subnet": [
              {
                "address_prefixes": [
                  "10.0.2.0/24"
                ],
                "default_outbound_access_enabled": true,
                "delegation": [],
                "id": "/subscriptions/0a6bda76-1a64-4810-b204-6a0ab0df0d44/resourceGroups/osv_data-resources/providers/Microsoft.Network/virtualNetworks/osv_data-network/subnets/osv_data-subnet",
                "name": "osv_data-subnet",
                "private_endpoint_network_policies": "Disabled",
                "private_link_service_network_policies_enabled": true,
                "route_table_id": "",
                "security_group": "",
                "service_endpoint_policy_ids": [],
                "service_endpoints": []
              },
              {
                "address_prefixes": [
                  "10.0.3.0/26"
                ],
                "default_outbound_access_enabled": false,
                "delegation": [],
                "id": "/subscriptions/0a6bda76-1a64-4810-b204-6a0ab0df0d44/resourceGroups/osv_data-resources/providers/Microsoft.Network/virtualNetworks/osv_data-network/subnets/AzureBastionSubnet",
                "name": "AzureBastionSubnet",
                "private_endpoint_network_policies": "Disabled",
                "private_link_service_network_policies_enabled": true,
                "route_table_id": "",
                "security_group": "",
                "service_endpoint_policy_ids": [],
                "service_endpoints": []
              }
            ],
            "tags": {},
            "timeouts": null
          },
          "sensitive_attributes": [],
          "private": "eyJlMmJmYjczMC1lY2FhLTExZTYtOGY4OC0zNDM2M2JjN2M0YzAiOnsiY3JlYXRlIjoxODAwMDAwMDAwMDAwLCJkZWxldGUiOjE4MDAwMDAwMDAwMDAsInJlYWQiOjMwMDAwMDAwMDAwMCwidXBkYXRlIjoxODAwMDAwMDAwMDAwfSwic2NoZW1hX3ZlcnNpb24iOiIwIn0=",
          "dependencies": [
            "azurerm_resource_group.osv_data_rg"
          ]
        }
      ]
    }
  ],
  "check_results": null
}
